// !$*UTF8*$!
{
	archiveVersion = 1;
	classes = {
	};
	objectVersion = 56;
	objects = {

/* Begin PBXBuildFile section */
		8137E8062C1DBE51009CABD4 /* app_devApp.swift in Sources */ = {isa = PBXBuildFile; fileRef = 8137E8052C1DBE51009CABD4 /* app_devApp.swift */; };
		8137E8082C1DBE51009CABD4 /* ContentView.swift in Sources */ = {isa = PBXBuildFile; fileRef = 8137E8072C1DBE51009CABD4 /* ContentView.swift */; };
		8137E80A2C1DBE52009CABD4 /* Assets.xcassets in Resources */ = {isa = PBXBuildFile; fileRef = 8137E8092C1DBE52009CABD4 /* Assets.xcassets */; };
		8137E80D2C1DBE52009CABD4 /* Preview Assets.xcassets in Resources */ = {isa = PBXBuildFile; fileRef = 8137E80C2C1DBE52009CABD4 /* Preview Assets.xcassets */; };
		8137E8142C1DDA11009CABD4 /* pickerPathConfigs.swift in Sources */ = {isa = PBXBuildFile; fileRef = 8137E8132C1DDA11009CABD4 /* pickerPathConfigs.swift */; };
		81A030A22C3044B500191D56 /* utilites.swift in Sources */ = {isa = PBXBuildFile; fileRef = 81A030A12C3044B500191D56 /* utilites.swift */; };
		81A030AB2C31ED6800191D56 /* videoPlayer.swift in Sources */ = {isa = PBXBuildFile; fileRef = 81A030AA2C31ED6800191D56 /* videoPlayer.swift */; };
		81A030B02C31F5A300191D56 /* player.swift in Sources */ = {isa = PBXBuildFile; fileRef = 81A030AF2C31F5A300191D56 /* player.swift */; };
		81A030B22C31F5BC00191D56 /* looper.swift in Sources */ = {isa = PBXBuildFile; fileRef = 81A030B12C31F5BC00191D56 /* looper.swift */; };
		81A030B62C31F7FE00191D56 /* backvideo3.mp4 in Resources */ = {isa = PBXBuildFile; fileRef = 81A030B52C31F7FE00191D56 /* backvideo3.mp4 */; };
		81DA2FE72C346704006CC6D7 /* Borel-Regular.ttf in Resources */ = {isa = PBXBuildFile; fileRef = 81DA2FE62C346704006CC6D7 /* Borel-Regular.ttf */; };
/* End PBXBuildFile section */

/* Begin PBXFileReference section */
		8137E8022C1DBE51009CABD4 /* app-dev.app */ = {isa = PBXFileReference; explicitFileType = wrapper.application; includeInIndex = 0; path = "app-dev.app"; sourceTree = BUILT_PRODUCTS_DIR; };
		8137E8052C1DBE51009CABD4 /* app_devApp.swift */ = {isa = PBXFileReference; lastKnownFileType = sourcecode.swift; path = app_devApp.swift; sourceTree = "<group>"; };
		8137E8072C1DBE51009CABD4 /* ContentView.swift */ = {isa = PBXFileReference; lastKnownFileType = sourcecode.swift; path = ContentView.swift; sourceTree = "<group>"; };
		8137E8092C1DBE52009CABD4 /* Assets.xcassets */ = {isa = PBXFileReference; lastKnownFileType = folder.assetcatalog; path = Assets.xcassets; sourceTree = "<group>"; };
		8137E80C2C1DBE52009CABD4 /* Preview Assets.xcassets */ = {isa = PBXFileReference; lastKnownFileType = folder.assetcatalog; path = "Preview Assets.xcassets"; sourceTree = "<group>"; };
		8137E8132C1DDA11009CABD4 /* pickerPathConfigs.swift */ = {isa = PBXFileReference; lastKnownFileType = sourcecode.swift; path = pickerPathConfigs.swift; sourceTree = "<group>"; };
		81A030A12C3044B500191D56 /* utilites.swift */ = {isa = PBXFileReference; lastKnownFileType = sourcecode.swift; path = utilites.swift; sourceTree = "<group>"; };
		81A030AA2C31ED6800191D56 /* videoPlayer.swift */ = {isa = PBXFileReference; lastKnownFileType = sourcecode.swift; path = videoPlayer.swift; sourceTree = "<group>"; };
		81A030AF2C31F5A300191D56 /* player.swift */ = {isa = PBXFileReference; lastKnownFileType = sourcecode.swift; path = player.swift; sourceTree = "<group>"; };
		81A030B12C31F5BC00191D56 /* looper.swift */ = {isa = PBXFileReference; lastKnownFileType = sourcecode.swift; path = looper.swift; sourceTree = "<group>"; };
		81A030B52C31F7FE00191D56 /* backvideo3.mp4 */ = {isa = PBXFileReference; lastKnownFileType = file; path = backvideo3.mp4; sourceTree = "<group>"; };
		81DA2FE62C346704006CC6D7 /* Borel-Regular.ttf */ = {isa = PBXFileReference; lastKnownFileType = file; name = "Borel-Regular.ttf"; path = "../../../Downloads/Borel/Borel-Regular.ttf"; sourceTree = "<group>"; };
		81DA2FE82C346762006CC6D7 /* Info.plist */ = {isa = PBXFileReference; lastKnownFileType = text.plist; path = Info.plist; sourceTree = "<group>"; };
/* End PBXFileReference section */

/* Begin PBXFrameworksBuildPhase section */
		8137E7FF2C1DBE51009CABD4 /* Frameworks */ = {
			isa = PBXFrameworksBuildPhase;
			buildActionMask = 2147483647;
			files = (
			);
			runOnlyForDeploymentPostprocessing = 0;
		};
/* End PBXFrameworksBuildPhase section */

/* Begin PBXGroup section */
		8137E7F92C1DBE51009CABD4 = {
			isa = PBXGroup;
			children = (
				81DA2FE62C346704006CC6D7 /* Borel-Regular.ttf */,
				8137E8042C1DBE51009CABD4 /* app-dev */,
				8137E8032C1DBE51009CABD4 /* Products */,
			);
			sourceTree = "<group>";
		};
		8137E8032C1DBE51009CABD4 /* Products */ = {
			isa = PBXGroup;
			children = (
				8137E8022C1DBE51009CABD4 /* app-dev.app */,
			);
			name = Products;
			sourceTree = "<group>";
		};
		8137E8042C1DBE51009CABD4 /* app-dev */ = {
			isa = PBXGroup;
			children = (
				81DA2FE82C346762006CC6D7 /* Info.plist */,
				81A030AE2C31F58C00191D56 /* videobckg */,
				81A030A12C3044B500191D56 /* utilites.swift */,
				8137E8132C1DDA11009CABD4 /* pickerPathConfigs.swift */,
				8137E8052C1DBE51009CABD4 /* app_devApp.swift */,
				8137E8072C1DBE51009CABD4 /* ContentView.swift */,
				8137E8092C1DBE52009CABD4 /* Assets.xcassets */,
				8137E80B2C1DBE52009CABD4 /* Preview Content */,
			);
			path = "app-dev";
			sourceTree = "<group>";
		};
		8137E80B2C1DBE52009CABD4 /* Preview Content */ = {
			isa = PBXGroup;
			children = (
				8137E80C2C1DBE52009CABD4 /* Preview Assets.xcassets */,
			);
			path = "Preview Content";
			sourceTree = "<group>";
		};
		81A030AE2C31F58C00191D56 /* videobckg */ = {
			isa = PBXGroup;
			children = (
				81A030B72C31F80700191D56 /* videos */,
				81A030AA2C31ED6800191D56 /* videoPlayer.swift */,
				81A030AF2C31F5A300191D56 /* player.swift */,
				81A030B12C31F5BC00191D56 /* looper.swift */,
			);
			path = videobckg;
			sourceTree = "<group>";
		};
		81A030B72C31F80700191D56 /* videos */ = {
			isa = PBXGroup;
			children = (
				81A030B52C31F7FE00191D56 /* backvideo3.mp4 */,
			);
			path = videos;
			sourceTree = "<group>";
		};
/* End PBXGroup section */

/* Begin PBXNativeTarget section */
		8137E8012C1DBE51009CABD4 /* app-dev */ = {
			isa = PBXNativeTarget;
			buildConfigurationList = 8137E8102C1DBE52009CABD4 /* Build configuration list for PBXNativeTarget "app-dev" */;
			buildPhases = (
				8137E7FE2C1DBE51009CABD4 /* Sources */,
				8137E7FF2C1DBE51009CABD4 /* Frameworks */,
				8137E8002C1DBE51009CABD4 /* Resources */,
			);
			buildRules = (
			);
			dependencies = (
			);
			name = "app-dev";
			productName = "app-dev";
			productReference = 8137E8022C1DBE51009CABD4 /* app-dev.app */;
			productType = "com.apple.product-type.application";
		};
/* End PBXNativeTarget section */

/* Begin PBXProject section */
		8137E7FA2C1DBE51009CABD4 /* Project object */ = {
			isa = PBXProject;
			attributes = {
				BuildIndependentTargetsInParallel = 1;
				LastSwiftUpdateCheck = 1540;
				LastUpgradeCheck = 1540;
				TargetAttributes = {
					8137E8012C1DBE51009CABD4 = {
						CreatedOnToolsVersion = 15.4;
					};
				};
			};
			buildConfigurationList = 8137E7FD2C1DBE51009CABD4 /* Build configuration list for PBXProject "app-dev" */;
			compatibilityVersion = "Xcode 14.0";
			developmentRegion = en;
			hasScannedForEncodings = 0;
			knownRegions = (
				en,
				Base,
			);
			mainGroup = 8137E7F92C1DBE51009CABD4;
			productRefGroup = 8137E8032C1DBE51009CABD4 /* Products */;
			projectDirPath = "";
			projectRoot = "";
			targets = (
				8137E8012C1DBE51009CABD4 /* app-dev */,
			);
		};
/* End PBXProject section */

/* Begin PBXResourcesBuildPhase section */
		8137E8002C1DBE51009CABD4 /* Resources */ = {
			isa = PBXResourcesBuildPhase;
			buildActionMask = 2147483647;
			files = (
				8137E80D2C1DBE52009CABD4 /* Preview Assets.xcassets in Resources */,
				81A030B62C31F7FE00191D56 /* backvideo3.mp4 in Resources */,
				81DA2FE72C346704006CC6D7 /* Borel-Regular.ttf in Resources */,
				8137E80A2C1DBE52009CABD4 /* Assets.xcassets in Resources */,
			);
			runOnlyForDeploymentPostprocessing = 0;
		};
/* End PBXResourcesBuildPhase section */

/* Begin PBXSourcesBuildPhase section */
		8137E7FE2C1DBE51009CABD4 /* Sources */ = {
			isa = PBXSourcesBuildPhase;
			buildActionMask = 2147483647;
			files = (
				81A030A22C3044B500191D56 /* utilites.swift in Sources */,
				81A030AB2C31ED6800191D56 /* videoPlayer.swift in Sources */,
				81A030B22C31F5BC00191D56 /* looper.swift in Sources */,
				8137E8082C1DBE51009CABD4 /* ContentView.swift in Sources */,
				81A030B02C31F5A300191D56 /* player.swift in Sources */,
				8137E8142C1DDA11009CABD4 /* pickerPathConfigs.swift in Sources */,
				8137E8062C1DBE51009CABD4 /* app_devApp.swift in Sources */,
			);
			runOnlyForDeploymentPostprocessing = 0;
		};
/* End PBXSourcesBuildPhase section */

/* Begin XCBuildConfiguration section */
		8137E80E2C1DBE52009CABD4 /* Debug */ = {
			isa = XCBuildConfiguration;
			buildSettings = {
				ALWAYS_SEARCH_USER_PATHS = NO;
				ASSETCATALOG_COMPILER_GENERATE_SWIFT_ASSET_SYMBOL_EXTENSIONS = YES;
				CLANG_ANALYZER_NONNULL = YES;
				CLANG_ANALYZER_NUMBER_OBJECT_CONVERSION = YES_AGGRESSIVE;
				CLANG_CXX_LANGUAGE_STANDARD = "gnu++20";
				CLANG_ENABLE_MODULES = YES;
				CLANG_ENABLE_OBJC_ARC = YES;
				CLANG_ENABLE_OBJC_WEAK = YES;
				CLANG_WARN_BLOCK_CAPTURE_AUTORELEASING = YES;
				CLANG_WARN_BOOL_CONVERSION = YES;
				CLANG_WARN_COMMA = YES;
				CLANG_WARN_CONSTANT_CONVERSION = YES;
				CLANG_WARN_DEPRECATED_OBJC_IMPLEMENTATIONS = YES;
				CLANG_WARN_DIRECT_OBJC_ISA_USAGE = YES_ERROR;
				CLANG_WARN_DOCUMENTATION_COMMENTS = YES;
				CLANG_WARN_EMPTY_BODY = YES;
				CLANG_WARN_ENUM_CONVERSION = YES;
				CLANG_WARN_INFINITE_RECURSION = YES;
				CLANG_WARN_INT_CONVERSION = YES;
				CLANG_WARN_NON_LITERAL_NULL_CONVERSION = YES;
				CLANG_WARN_OBJC_IMPLICIT_RETAIN_SELF = YES;
				CLANG_WARN_OBJC_LITERAL_CONVERSION = YES;
				CLANG_WARN_OBJC_ROOT_CLASS = YES_ERROR;
				CLANG_WARN_QUOTED_INCLUDE_IN_FRAMEWORK_HEADER = YES;
				CLANG_WARN_RANGE_LOOP_ANALYSIS = YES;
				CLANG_WARN_STRICT_PROTOTYPES = YES;
				CLANG_WARN_SUSPICIOUS_MOVE = YES;
				CLANG_WARN_UNGUARDED_AVAILABILITY = YES_AGGRESSIVE;
				CLANG_WARN_UNREACHABLE_CODE = YES;
				CLANG_WARN__DUPLICATE_METHOD_MATCH = YES;
				COPY_PHASE_STRIP = NO;
				DEBUG_INFORMATION_FORMAT = dwarf;
				ENABLE_STRICT_OBJC_MSGSEND = YES;
				ENABLE_TESTABILITY = YES;
				ENABLE_USER_SCRIPT_SANDBOXING = YES;
				GCC_C_LANGUAGE_STANDARD = gnu17;
				GCC_DYNAMIC_NO_PIC = NO;
				GCC_NO_COMMON_BLOCKS = YES;
				GCC_OPTIMIZATION_LEVEL = 0;
				GCC_PREPROCESSOR_DEFINITIONS = (
					"DEBUG=1",
					"$(inherited)",
				);
				GCC_WARN_64_TO_32_BIT_CONVERSION = YES;
				GCC_WARN_ABOUT_RETURN_TYPE = YES_ERROR;
				GCC_WARN_UNDECLARED_SELECTOR = YES;
				GCC_WARN_UNINITIALIZED_AUTOS = YES_AGGRESSIVE;
				GCC_WARN_UNUSED_FUNCTION = YES;
				GCC_WARN_UNUSED_VARIABLE = YES;
				IPHONEOS_DEPLOYMENT_TARGET = 17.5;
				LOCALIZATION_PREFERS_STRING_CATALOGS = YES;
				MTL_ENABLE_DEBUG_INFO = INCLUDE_SOURCE;
				MTL_FAST_MATH = YES;
				ONLY_ACTIVE_ARCH = YES;
				SDKROOT = iphoneos;
				SWIFT_ACTIVE_COMPILATION_CONDITIONS = "DEBUG $(inherited)";
				SWIFT_OPTIMIZATION_LEVEL = "-Onone";
			};
			name = Debug;
		};
		8137E80F2C1DBE52009CABD4 /* Release */ = {
			isa = XCBuildConfiguration;
			buildSettings = {
				ALWAYS_SEARCH_USER_PATHS = NO;
				ASSETCATALOG_COMPILER_GENERATE_SWIFT_ASSET_SYMBOL_EXTENSIONS = YES;
				CLANG_ANALYZER_NONNULL = YES;
				CLANG_ANALYZER_NUMBER_OBJECT_CONVERSION = YES_AGGRESSIVE;
				CLANG_CXX_LANGUAGE_STANDARD = "gnu++20";
				CLANG_ENABLE_MODULES = YES;
				CLANG_ENABLE_OBJC_ARC = YES;
				CLANG_ENABLE_OBJC_WEAK = YES;
				CLANG_WARN_BLOCK_CAPTURE_AUTORELEASING = YES;
				CLANG_WARN_BOOL_CONVERSION = YES;
				CLANG_WARN_COMMA = YES;
				CLANG_WARN_CONSTANT_CONVERSION = YES;
				CLANG_WARN_DEPRECATED_OBJC_IMPLEMENTATIONS = YES;
				CLANG_WARN_DIRECT_OBJC_ISA_USAGE = YES_ERROR;
				CLANG_WARN_DOCUMENTATION_COMMENTS = YES;
				CLANG_WARN_EMPTY_BODY = YES;
				CLANG_WARN_ENUM_CONVERSION = YES;
				CLANG_WARN_INFINITE_RECURSION = YES;
				CLANG_WARN_INT_CONVERSION = YES;
				CLANG_WARN_NON_LITERAL_NULL_CONVERSION = YES;
				CLANG_WARN_OBJC_IMPLICIT_RETAIN_SELF = YES;
				CLANG_WARN_OBJC_LITERAL_CONVERSION = YES;
				CLANG_WARN_OBJC_ROOT_CLASS = YES_ERROR;
				CLANG_WARN_QUOTED_INCLUDE_IN_FRAMEWORK_HEADER = YES;
				CLANG_WARN_RANGE_LOOP_ANALYSIS = YES;
				CLANG_WARN_STRICT_PROTOTYPES = YES;
				CLANG_WARN_SUSPICIOUS_MOVE = YES;
				CLANG_WARN_UNGUARDED_AVAILABILITY = YES_AGGRESSIVE;
				CLANG_WARN_UNREACHABLE_CODE = YES;
				CLANG_WARN__DUPLICATE_METHOD_MATCH = YES;
				COPY_PHASE_STRIP = NO;
				DEBUG_INFORMATION_FORMAT = "dwarf-with-dsym";
				ENABLE_NS_ASSERTIONS = NO;
				ENABLE_STRICT_OBJC_MSGSEND = YES;
				ENABLE_USER_SCRIPT_SANDBOXING = YES;
				GCC_C_LANGUAGE_STANDARD = gnu17;
				GCC_NO_COMMON_BLOCKS = YES;
				GCC_WARN_64_TO_32_BIT_CONVERSION = YES;
				GCC_WARN_ABOUT_RETURN_TYPE = YES_ERROR;
				GCC_WARN_UNDECLARED_SELECTOR = YES;
				GCC_WARN_UNINITIALIZED_AUTOS = YES_AGGRESSIVE;
				GCC_WARN_UNUSED_FUNCTION = YES;
				GCC_WARN_UNUSED_VARIABLE = YES;
				IPHONEOS_DEPLOYMENT_TARGET = 17.5;
				LOCALIZATION_PREFERS_STRING_CATALOGS = YES;
				MTL_ENABLE_DEBUG_INFO = NO;
				MTL_FAST_MATH = YES;
				SDKROOT = iphoneos;
				SWIFT_COMPILATION_MODE = wholemodule;
				VALIDATE_PRODUCT = YES;
			};
			name = Release;
		};
		8137E8112C1DBE52009CABD4 /* Debug */ = {
			isa = XCBuildConfiguration;
			buildSettings = {
				ASSETCATALOG_COMPILER_APPICON_NAME = AppIcon;
				ASSETCATALOG_COMPILER_GLOBAL_ACCENT_COLOR_NAME = AccentColor;
				CODE_SIGN_STYLE = Automatic;
				CURRENT_PROJECT_VERSION = 1;
				DEVELOPMENT_ASSET_PATHS = "\"app-dev/Preview Content\"";
				ENABLE_PREVIEWS = YES;
				GENERATE_INFOPLIST_FILE = YES;
				INFOPLIST_FILE = "app-dev/Info.plist";
				INFOPLIST_KEY_UIApplicationSceneManifest_Generation = YES;
				INFOPLIST_KEY_UIApplicationSupportsIndirectInputEvents = YES;
				INFOPLIST_KEY_UILaunchScreen_Generation = YES;
				INFOPLIST_KEY_UISupportedInterfaceOrientations_iPad = "UIInterfaceOrientationPortrait UIInterfaceOrientationPortraitUpsideDown UIInterfaceOrientationLandscapeLeft UIInterfaceOrientationLandscapeRight";
				INFOPLIST_KEY_UISupportedInterfaceOrientations_iPhone = "UIInterfaceOrientationPortrait UIInterfaceOrientationLandscapeLeft UIInterfaceOrientationLandscapeRight";
				LD_RUNPATH_SEARCH_PATHS = (
					"$(inherited)",
					"@executable_path/Frameworks",
				);
				MARKETING_VERSION = 1.0;
				PRODUCT_BUNDLE_IDENTIFIER = "learning.app-dev";
				PRODUCT_NAME = "$(TARGET_NAME)";
				SWIFT_EMIT_LOC_STRINGS = YES;
				SWIFT_VERSION = 5.0;
				TARGETED_DEVICE_FAMILY = "1,2";
			};
			name = Debug;
		};
		8137E8122C1DBE52009CABD4 /* Release */ = {
			isa = XCBuildConfiguration;
			buildSettings = {
				ASSETCATALOG_COMPILER_APPICON_NAME = AppIcon;
				ASSETCATALOG_COMPILER_GLOBAL_ACCENT_COLOR_NAME = AccentColor;
				CODE_SIGN_STYLE = Automatic;
				CURRENT_PROJECT_VERSION = 1;
				DEVELOPMENT_ASSET_PATHS = "\"app-dev/Preview Content\"";
				ENABLE_PREVIEWS = YES;
				GENERATE_INFOPLIST_FILE = YES;
				INFOPLIST_FILE = "app-dev/Info.plist";
				INFOPLIST_KEY_UIApplicationSceneManifest_Generation = YES;
				INFOPLIST_KEY_UIApplicationSupportsIndirectInputEvents = YES;
				INFOPLIST_KEY_UILaunchScreen_Generation = YES;
				INFOPLIST_KEY_UISupportedInterfaceOrientations_iPad = "UIInterfaceOrientationPortrait UIInterfaceOrientationPortraitUpsideDown UIInterfaceOrientationLandscapeLeft UIInterfaceOrientationLandscapeRight";
				INFOPLIST_KEY_UISupportedInterfaceOrientations_iPhone = "UIInterfaceOrientationPortrait UIInterfaceOrientationLandscapeLeft UIInterfaceOrientationLandscapeRight";
				LD_RUNPATH_SEARCH_PATHS = (
					"$(inherited)",
					"@executable_path/Frameworks",
				);
				MARKETING_VERSION = 1.0;
				PRODUCT_BUNDLE_IDENTIFIER = "learning.app-dev";
				PRODUCT_NAME = "$(TARGET_NAME)";
				SWIFT_EMIT_LOC_STRINGS = YES;
				SWIFT_VERSION = 5.0;
				TARGETED_DEVICE_FAMILY = "1,2";
			};
			name = Release;
		};
/* End XCBuildConfiguration section */

/* Begin XCConfigurationList section */
		8137E7FD2C1DBE51009CABD4 /* Build configuration list for PBXProject "app-dev" */ = {
			isa = XCConfigurationList;
			buildConfigurations = (
				8137E80E2C1DBE52009CABD4 /* Debug */,
				8137E80F2C1DBE52009CABD4 /* Release */,
			);
			defaultConfigurationIsVisible = 0;
			defaultConfigurationName = Release;
		};
		8137E8102C1DBE52009CABD4 /* Build configuration list for PBXNativeTarget "app-dev" */ = {
			isa = XCConfigurationList;
			buildConfigurations = (
				8137E8112C1DBE52009CABD4 /* Debug */,
				8137E8122C1DBE52009CABD4 /* Release */,
			);
			defaultConfigurationIsVisible = 0;
			defaultConfigurationName = Release;
		};
/* End XCConfigurationList section */
	};
	rootObject = 8137E7FA2C1DBE51009CABD4 /* Project object */;
}
